
Microsoft Visual Studio Solution File, Format Version 12.00
# Visual Studio Version 16
VisualStudioVersion = 16.0.28803.352
MinimumVisualStudioVersion = 10.0.40219.1
Project("{9A19103F-16F7-4668-BE54-9A1E7A4F7556}") = "Lab_Hk2_CSharp_01", "Lab_Hk2_CSharp_01\Lab_Hk2_CSharp_01.csproj", "{06925BFB-DF2E-4649-A68A-6F1033341F69}"
EndProject
Project("{9A19103F-16F7-4668-BE54-9A1E7A4F7556}") = "Lab_Hk2_CSharp_02", "Lab_Hk2_CSharp_02\Lab_Hk2_CSharp_02.csproj", "{7561F3CD-C9EE-4B3D-B16E-5051E4B36941}"
EndProject
Project("{9A19103F-16F7-4668-BE54-9A1E7A4F7556}") = "Lab_Hk2_CSharp_03", "Lab_Hk2_CSharp_03\Lab_Hk2_CSharp_03.csproj", "{4755ECF2-BFA2-460B-A12D-4FB0D388293E}"
EndProject
Project("{9A19103F-16F7-4668-BE54-9A1E7A4F7556}") = "Lab_Hk2_CSharp_04", "Lab_Hk2_CSharp_04\Lab_Hk2_CSharp_04.csproj", "{C613C8D9-F7A2-42A9-9BA6-298EE3969A13}"
EndProject
Project("{9A19103F-16F7-4668-BE54-9A1E7A4F7556}") = "Lab_Hk2_CSharp_05", "Lab_Hk2_CSharp_05\Lab_Hk2_CSharp_05.csproj", "{DA952190-6188-4872-ACBF-57914DD464E0}"
EndProject
Project("{9A19103F-16F7-4668-BE54-9A1E7A4F7556}") = "Lab_Hk2_CSharp_06", "Lab_Hk2_CSharp_06\Lab_Hk2_CSharp_06.csproj", "{A8BE5BC7-412E-4D77-892B-95AF6C229349}"
EndProject
Project("{FAE04EC0-301F-11D3-BF4B-00C04F79EFBC}") = "Assignment", "Assignment\Assignment.csproj", "{A0335D7F-B6FD-4193-95D7-DCCEFFA58902}"
EndProject
Global
	GlobalSection(SolutionConfigurationPlatforms) = preSolution
		Debug|Any CPU = Debug|Any CPU
		Release|Any CPU = Release|Any CPU
	EndGlobalSection
	GlobalSection(ProjectConfigurationPlatforms) = postSolution
		{06925BFB-DF2E-4649-A68A-6F1033341F69}.Debug|Any CPU.ActiveCfg = Debug|Any CPU
		{06925BFB-DF2E-4649-A68A-6F1033341F69}.Debug|Any CPU.Build.0 = Debug|Any CPU
		{06925BFB-DF2E-4649-A68A-6F1033341F69}.Release|Any CPU.ActiveCfg = Release|Any CPU
		{06925BFB-DF2E-4649-A68A-6F1033341F69}.Release|Any CPU.Build.0 = Release|Any CPU
		{7561F3CD-C9EE-4B3D-B16E-5051E4B36941}.Debug|Any CPU.ActiveCfg = Debug|Any CPU
		{7561F3CD-C9EE-4B3D-B16E-5051E4B36941}.Debug|Any CPU.Build.0 = Debug|Any CPU
		{7561F3CD-C9EE-4B3D-B16E-5051E4B36941}.Release|Any CPU.ActiveCfg = Release|Any CPU
		{7561F3CD-C9EE-4B3D-B16E-5051E4B36941}.Release|Any CPU.Build.0 = Release|Any CPU
		{4755ECF2-BFA2-460B-A12D-4FB0D388293E}.Debug|Any CPU.ActiveCfg = Debug|Any CPU
		{4755ECF2-BFA2-460B-A12D-4FB0D388293E}.Debug|Any CPU.Build.0 = Debug|Any CPU
		{4755ECF2-BFA2-460B-A12D-4FB0D388293E}.Release|Any CPU.ActiveCfg = Release|Any CPU
		{4755ECF2-BFA2-460B-A12D-4FB0D388293E}.Release|Any CPU.Build.0 = Release|Any CPU
		{C613C8D9-F7A2-42A9-9BA6-298EE3969A13}.Debug|Any CPU.ActiveCfg = Debug|Any CPU
		{C613C8D9-F7A2-42A9-9BA6-298EE3969A13}.Debug|Any CPU.Build.0 = Debug|Any CPU
		{C613C8D9-F7A2-42A9-9BA6-298EE3969A13}.Release|Any CPU.ActiveCfg = Release|Any CPU
		{C613C8D9-F7A2-42A9-9BA6-298EE3969A13}.Release|Any CPU.Build.0 = Release|Any CPU
		{DA952190-6188-4872-ACBF-57914DD464E0}.Debug|Any CPU.ActiveCfg = Debug|Any CPU
		{DA952190-6188-4872-ACBF-57914DD464E0}.Debug|Any CPU.Build.0 = Debug|Any CPU
		{DA952190-6188-4872-ACBF-57914DD464E0}.Release|Any CPU.ActiveCfg = Release|Any CPU
		{DA952190-6188-4872-ACBF-57914DD464E0}.Release|Any CPU.Build.0 = Release|Any CPU
		{A8BE5BC7-412E-4D77-892B-95AF6C229349}.Debug|Any CPU.ActiveCfg = Debug|Any CPU
		{A8BE5BC7-412E-4D77-892B-95AF6C229349}.Debug|Any CPU.Build.0 = Debug|Any CPU
		{A8BE5BC7-412E-4D77-892B-95AF6C229349}.Release|Any CPU.ActiveCfg = Release|Any CPU
		{A8BE5BC7-412E-4D77-892B-95AF6C229349}.Release|Any CPU.Build.0 = Release|Any CPU
		{A0335D7F-B6FD-4193-95D7-DCCEFFA58902}.Debug|Any CPU.ActiveCfg = Debug|Any CPU
		{A0335D7F-B6FD-4193-95D7-DCCEFFA58902}.Debug|Any CPU.Build.0 = Debug|Any CPU
		{A0335D7F-B6FD-4193-95D7-DCCEFFA58902}.Release|Any CPU.ActiveCfg = Release|Any CPU
		{A0335D7F-B6FD-4193-95D7-DCCEFFA58902}.Release|Any CPU.Build.0 = Release|Any CPU
	EndGlobalSection
	GlobalSection(SolutionProperties) = preSolution
		HideSolutionNode = FALSE
	EndGlobalSection
	GlobalSection(ExtensibilityGlobals) = postSolution
		SolutionGuid = {9DAF0770-0FD4-4D3D-A717-6C06DB3AF7C0}
	EndGlobalSection
EndGlobal
